
Microsoft Visual Studio Solution File, Format Version 12.00
# Visual Studio Version 16
VisualStudioVersion = 16.0.33328.57
MinimumVisualStudioVersion = 10.0.40219.1
Project("{FAE04EC0-301F-11D3-BF4B-00C04F79EFBC}") = "WindowsFormsApp1", "WindowsFormsApp1\WindowsFormsApp1.csproj", "{3B78CA31-9741-4D8B-9D49-35D8F69C3C4C}"
EndProject
Global
	GlobalSection(SolutionConfigurationPlatforms) = preSolution
		Debug|Any CPU = Debug|Any CPU
		Release|Any CPU = Release|Any CPU
	EndGlobalSection
	GlobalSection(ProjectConfigurationPlatforms) = postSolution
		{3B78CA31-9741-4D8B-9D49-35D8F69C3C4C}.Debug|Any CPU.ActiveCfg = Debug|Any CPU
		{3B78CA31-9741-4D8B-9D49-35D8F69C3C4C}.Debug|Any CPU.Build.0 = Debug|Any CPU
		{3B78CA31-9741-4D8B-9D49-35D8F69C3C4C}.Release|Any CPU.ActiveCfg = Release|Any CPU
		{3B78CA31-9741-4D8B-9D49-35D8F69C3C4C}.Release|Any CPU.Build.0 = Release|Any CPU
	EndGlobalSection
	GlobalSection(SolutionProperties) = preSolution
		HideSolutionNode = FALSE
	EndGlobalSection
	GlobalSection(ExtensibilityGlobals) = postSolution
		SolutionGuid = {5AB403B0-2842-446B-893C-5FD620E55D6D}
	EndGlobalSection
EndGlobal
